
Microsoft Visual Studio Solution File, Format Version 12.00
# Visual Studio Version 16
VisualStudioVersion = 16.0.30309.148
MinimumVisualStudioVersion = 10.0.40219.1
Project("{F184B08F-C81C-45F6-A57F-5ABD9991F28F}") = "SzhtDbMirror", "SzhtDbMirror\SzhtDbMirror.vbproj", "{0F0E747C-532D-40C8-9DB8-CB11A9AE67CE}"
EndProject
Global
	GlobalSection(SolutionConfigurationPlatforms) = preSolution
		Debug|Any CPU = Debug|Any CPU
		Release|Any CPU = Release|Any CPU
	EndGlobalSection
	GlobalSection(ProjectConfigurationPlatforms) = postSolution
		{0F0E747C-532D-40C8-9DB8-CB11A9AE67CE}.Debug|Any CPU.ActiveCfg = Debug|Any CPU
		{0F0E747C-532D-40C8-9DB8-CB11A9AE67CE}.Debug|Any CPU.Build.0 = Debug|Any CPU
		{0F0E747C-532D-40C8-9DB8-CB11A9AE67CE}.Release|Any CPU.ActiveCfg = Release|Any CPU
		{0F0E747C-532D-40C8-9DB8-CB11A9AE67CE}.Release|Any CPU.Build.0 = Release|Any CPU
	EndGlobalSection
	GlobalSection(SolutionProperties) = preSolution
		HideSolutionNode = FALSE
	EndGlobalSection
	GlobalSection(ExtensibilityGlobals) = postSolution
		SolutionGuid = {9DF2547D-168B-44A1-A9AC-D22EEE88DC22}
	EndGlobalSection
EndGlobal
